// !$*UTF8*$!
{
	archiveVersion = 1;
	classes = {
	};
	objectVersion = 46;
	objects = {

/* Begin PBXBuildFile section */
		0FB7F964D514EECE3CDEBC0D /* Pods_pwButler.framework in Frameworks */ = {isa = PBXBuildFile; fileRef = 438C15299E08AB22F81C94A9 /* Pods_pwButler.framework */; };
		1F2FF1F81F6A7A3300170E5E /* Model.swift in Sources */ = {isa = PBXBuildFile; fileRef = 1F2FF1F41F6A7A3300170E5E /* Model.swift */; };
		1F2FF1F91F6A7A3300170E5E /* FMDBManager.swift in Sources */ = {isa = PBXBuildFile; fileRef = 1F2FF1F61F6A7A3300170E5E /* FMDBManager.swift */; };
		1F2FF1FB1F6A7A3F00170E5E /* LaunchScreen.storyboard in Resources */ = {isa = PBXBuildFile; fileRef = 1F2FF1FA1F6A7A3F00170E5E /* LaunchScreen.storyboard */; };
		1F2FF1FD1F6A7A5A00170E5E /* Extensions.swift in Sources */ = {isa = PBXBuildFile; fileRef = 1F2FF1FC1F6A7A5A00170E5E /* Extensions.swift */; };
		1F2FF1FF1F6A7A6600170E5E /* TestCase.swift in Sources */ = {isa = PBXBuildFile; fileRef = 1F2FF1FE1F6A7A6600170E5E /* TestCase.swift */; };
		1F6C021E1F66899C005A6289 /* AppDelegate.swift in Sources */ = {isa = PBXBuildFile; fileRef = 1F6C021D1F66899C005A6289 /* AppDelegate.swift */; };
		1F6C02251F66899C005A6289 /* Assets.xcassets in Resources */ = {isa = PBXBuildFile; fileRef = 1F6C02241F66899C005A6289 /* Assets.xcassets */; };
		1F6C02321F668A7C005A6289 /* Info.plist in Resources */ = {isa = PBXBuildFile; fileRef = 1F6C02311F668A7C005A6289 /* Info.plist */; };
		1F6C02341F668AEE005A6289 /* MainViewController.swift in Sources */ = {isa = PBXBuildFile; fileRef = 1F6C02331F668AEE005A6289 /* MainViewController.swift */; };
		1F6C023C1F6693F9005A6289 /* ItemDetailController.swift in Sources */ = {isa = PBXBuildFile; fileRef = 1F6C023B1F6693F9005A6289 /* ItemDetailController.swift */; };
		1F6C023E1F669469005A6289 /* PasswordItemCell.swift in Sources */ = {isa = PBXBuildFile; fileRef = 1F6C023D1F669469005A6289 /* PasswordItemCell.swift */; };
/* End PBXBuildFile section */

/* Begin PBXFileReference section */
		1F2FF1F41F6A7A3300170E5E /* Model.swift */ = {isa = PBXFileReference; fileEncoding = 4; lastKnownFileType = sourcecode.swift; path = Model.swift; sourceTree = "<group>"; };
		1F2FF1F61F6A7A3300170E5E /* FMDBManager.swift */ = {isa = PBXFileReference; fileEncoding = 4; lastKnownFileType = sourcecode.swift; path = FMDBManager.swift; sourceTree = "<group>"; };
		1F2FF1FA1F6A7A3F00170E5E /* LaunchScreen.storyboard */ = {isa = PBXFileReference; fileEncoding = 4; lastKnownFileType = file.storyboard; path = LaunchScreen.storyboard; sourceTree = "<group>"; };
		1F2FF1FC1F6A7A5A00170E5E /* Extensions.swift */ = {isa = PBXFileReference; fileEncoding = 4; lastKnownFileType = sourcecode.swift; path = Extensions.swift; sourceTree = "<group>"; };
		1F2FF1FE1F6A7A6600170E5E /* TestCase.swift */ = {isa = PBXFileReference; fileEncoding = 4; lastKnownFileType = sourcecode.swift; path = TestCase.swift; sourceTree = "<group>"; };
		1F6C021A1F66899C005A6289 /* pwButler.app */ = {isa = PBXFileReference; explicitFileType = wrapper.application; includeInIndex = 0; path = pwButler.app; sourceTree = BUILT_PRODUCTS_DIR; };
		1F6C021D1F66899C005A6289 /* AppDelegate.swift */ = {isa = PBXFileReference; lastKnownFileType = sourcecode.swift; path = AppDelegate.swift; sourceTree = "<group>"; };
		1F6C02241F66899C005A6289 /* Assets.xcassets */ = {isa = PBXFileReference; lastKnownFileType = folder.assetcatalog; path = Assets.xcassets; sourceTree = "<group>"; };
		1F6C02311F668A7C005A6289 /* Info.plist */ = {isa = PBXFileReference; fileEncoding = 4; lastKnownFileType = text.plist.xml; path = Info.plist; sourceTree = "<group>"; };
		1F6C02331F668AEE005A6289 /* MainViewController.swift */ = {isa = PBXFileReference; fileEncoding = 4; lastKnownFileType = sourcecode.swift; path = MainViewController.swift; sourceTree = "<group>"; };
		1F6C023B1F6693F9005A6289 /* ItemDetailController.swift */ = {isa = PBXFileReference; fileEncoding = 4; lastKnownFileType = sourcecode.swift; path = ItemDetailController.swift; sourceTree = "<group>"; };
		1F6C023D1F669469005A6289 /* PasswordItemCell.swift */ = {isa = PBXFileReference; fileEncoding = 4; lastKnownFileType = sourcecode.swift; path = PasswordItemCell.swift; sourceTree = "<group>"; };
		438C15299E08AB22F81C94A9 /* Pods_pwButler.framework */ = {isa = PBXFileReference; explicitFileType = wrapper.framework; includeInIndex = 0; path = Pods_pwButler.framework; sourceTree = BUILT_PRODUCTS_DIR; };
		68CC51A37AFD0D58AE4B0C39 /* Pods-pwButler.release.xcconfig */ = {isa = PBXFileReference; includeInIndex = 1; lastKnownFileType = text.xcconfig; name = "Pods-pwButler.release.xcconfig"; path = "Pods/Target Support Files/Pods-pwButler/Pods-pwButler.release.xcconfig"; sourceTree = "<group>"; };
		E20E2409DB5E506726996BFC /* Pods-pwButler.debug.xcconfig */ = {isa = PBXFileReference; includeInIndex = 1; lastKnownFileType = text.xcconfig; name = "Pods-pwButler.debug.xcconfig"; path = "Pods/Target Support Files/Pods-pwButler/Pods-pwButler.debug.xcconfig"; sourceTree = "<group>"; };
/* End PBXFileReference section */

/* Begin PBXFrameworksBuildPhase section */
		1F6C02171F66899C005A6289 /* Frameworks */ = {
			isa = PBXFrameworksBuildPhase;
			buildActionMask = 2147483647;
			files = (
				0FB7F964D514EECE3CDEBC0D /* Pods_pwButler.framework in Frameworks */,
			);
			runOnlyForDeploymentPostprocessing = 0;
		};
/* End PBXFrameworksBuildPhase section */

/* Begin PBXGroup section */
		1EE5E24E83CABA21829E9887 /* Pods */ = {
			isa = PBXGroup;
			children = (
				E20E2409DB5E506726996BFC /* Pods-pwButler.debug.xcconfig */,
				68CC51A37AFD0D58AE4B0C39 /* Pods-pwButler.release.xcconfig */,
			);
			name = Pods;
			sourceTree = "<group>";
		};
		1F2FF1F31F6A7A3300170E5E /* Models */ = {
			isa = PBXGroup;
			children = (
				1F2FF1F41F6A7A3300170E5E /* Model.swift */,
				1F2FF1FC1F6A7A5A00170E5E /* Extensions.swift */,
			);
			path = Models;
			sourceTree = "<group>";
		};
		1F2FF1F51F6A7A3300170E5E /* Services */ = {
			isa = PBXGroup;
			children = (
				1F2FF1F61F6A7A3300170E5E /* FMDBManager.swift */,
			);
			path = Services;
			sourceTree = "<group>";
		};
		1F2FF1F71F6A7A3300170E5E /* Tests */ = {
			isa = PBXGroup;
			children = (
				1F2FF1FE1F6A7A6600170E5E /* TestCase.swift */,
			);
			path = Tests;
			sourceTree = "<group>";
		};
		1F6C02111F66899C005A6289 = {
			isa = PBXGroup;
			children = (
				1F6C021C1F66899C005A6289 /* pwButler */,
				1F6C021B1F66899C005A6289 /* Products */,
				1EE5E24E83CABA21829E9887 /* Pods */,
				9903F0C887FEC78D3ADAD5E0 /* Frameworks */,
			);
			sourceTree = "<group>";
		};
		1F6C021B1F66899C005A6289 /* Products */ = {
			isa = PBXGroup;
			children = (
				1F6C021A1F66899C005A6289 /* pwButler.app */,
			);
			name = Products;
			sourceTree = "<group>";
		};
		1F6C021C1F66899C005A6289 /* pwButler */ = {
			isa = PBXGroup;
			children = (
				1F6C02241F66899C005A6289 /* Assets.xcassets */,
				1F6C021D1F66899C005A6289 /* AppDelegate.swift */,
				1F6C02331F668AEE005A6289 /* MainViewController.swift */,
				1F6C023D1F669469005A6289 /* PasswordItemCell.swift */,
				1F6C023B1F6693F9005A6289 /* ItemDetailController.swift */,
				1F2FF1F31F6A7A3300170E5E /* Models */,
				1F2FF1F51F6A7A3300170E5E /* Services */,
				1F2FF1F71F6A7A3300170E5E /* Tests */,
				1F6C02301F668A7C005A6289 /* Supporting */,
			);
			path = pwButler;
			sourceTree = "<group>";
		};
		1F6C02301F668A7C005A6289 /* Supporting */ = {
			isa = PBXGroup;
			children = (
				1F2FF1FA1F6A7A3F00170E5E /* LaunchScreen.storyboard */,
				1F6C02311F668A7C005A6289 /* Info.plist */,
			);
			path = Supporting;
			sourceTree = "<group>";
		};
		9903F0C887FEC78D3ADAD5E0 /* Frameworks */ = {
			isa = PBXGroup;
			children = (
				438C15299E08AB22F81C94A9 /* Pods_pwButler.framework */,
			);
			name = Frameworks;
			sourceTree = "<group>";
		};
/* End PBXGroup section */

/* Begin PBXNativeTarget section */
		1F6C02191F66899C005A6289 /* pwButler */ = {
			isa = PBXNativeTarget;
			buildConfigurationList = 1F6C022C1F66899C005A6289 /* Build configuration list for PBXNativeTarget "pwButler" */;
			buildPhases = (
				0968EDD3D19D3A9A8B5AA572 /* [CP] Check Pods Manifest.lock */,
				1F6C02161F66899C005A6289 /* Sources */,
				1F6C02171F66899C005A6289 /* Frameworks */,
				1F6C02181F66899C005A6289 /* Resources */,
				6B31F418D4BFB092DCBDC527 /* [CP] Embed Pods Frameworks */,
				974B0969EAC23A29EB256FD6 /* [CP] Copy Pods Resources */,
			);
			buildRules = (
			);
			dependencies = (
			);
			name = pwButler;
			productName = pwButler;
			productReference = 1F6C021A1F66899C005A6289 /* pwButler.app */;
			productType = "com.apple.product-type.application";
		};
/* End PBXNativeTarget section */

/* Begin PBXProject section */
		1F6C02121F66899C005A6289 /* Project object */ = {
			isa = PBXProject;
			attributes = {
				LastSwiftUpdateCheck = 0830;
				LastUpgradeCheck = 0830;
				ORGANIZATIONNAME = White;
				TargetAttributes = {
					1F6C02191F66899C005A6289 = {
						CreatedOnToolsVersion = 8.3.3;
						DevelopmentTeam = EL3Y3L9UAR;
						ProvisioningStyle = Automatic;
					};
				};
			};
			buildConfigurationList = 1F6C02151F66899C005A6289 /* Build configuration list for PBXProject "pwButler" */;
			compatibilityVersion = "Xcode 3.2";
			developmentRegion = English;
			hasScannedForEncodings = 0;
			knownRegions = (
				en,
				Base,
			);
			mainGroup = 1F6C02111F66899C005A6289;
			productRefGroup = 1F6C021B1F66899C005A6289 /* Products */;
			projectDirPath = "";
			projectRoot = "";
			targets = (
				1F6C02191F66899C005A6289 /* pwButler */,
			);
		};
/* End PBXProject section */

/* Begin PBXResourcesBuildPhase section */
		1F6C02181F66899C005A6289 /* Resources */ = {
			isa = PBXResourcesBuildPhase;
			buildActionMask = 2147483647;
			files = (
				1F2FF1FB1F6A7A3F00170E5E /* LaunchScreen.storyboard in Resources */,
				1F6C02321F668A7C005A6289 /* Info.plist in Resources */,
				1F6C02251F66899C005A6289 /* Assets.xcassets in Resources */,
			);
			runOnlyForDeploymentPostprocessing = 0;
		};
/* End PBXResourcesBuildPhase section */

/* Begin PBXShellScriptBuildPhase section */
		0968EDD3D19D3A9A8B5AA572 /* [CP] Check Pods Manifest.lock */ = {
			isa = PBXShellScriptBuildPhase;
			buildActionMask = 2147483647;
			files = (
			);
			inputPaths = (
			);
			name = "[CP] Check Pods Manifest.lock";
			outputPaths = (
			);
			runOnlyForDeploymentPostprocessing = 0;
			shellPath = /bin/sh;
			shellScript = "diff \"${PODS_ROOT}/../Podfile.lock\" \"${PODS_ROOT}/Manifest.lock\" > /dev/null\nif [ $? != 0 ] ; then\n    # print error to STDERR\n    echo \"error: The sandbox is not in sync with the Podfile.lock. Run 'pod install' or update your CocoaPods installation.\" >&2\n    exit 1\nfi\n";
			showEnvVarsInLog = 0;
		};
		6B31F418D4BFB092DCBDC527 /* [CP] Embed Pods Frameworks */ = {
			isa = PBXShellScriptBuildPhase;
			buildActionMask = 2147483647;
			files = (
			);
			inputPaths = (
			);
			name = "[CP] Embed Pods Frameworks";
			outputPaths = (
			);
			runOnlyForDeploymentPostprocessing = 0;
			shellPath = /bin/sh;
			shellScript = "\"${SRCROOT}/Pods/Target Support Files/Pods-pwButler/Pods-pwButler-frameworks.sh\"\n";
			showEnvVarsInLog = 0;
		};
		974B0969EAC23A29EB256FD6 /* [CP] Copy Pods Resources */ = {
			isa = PBXShellScriptBuildPhase;
			buildActionMask = 2147483647;
			files = (
			);
			inputPaths = (
			);
			name = "[CP] Copy Pods Resources";
			outputPaths = (
			);
			runOnlyForDeploymentPostprocessing = 0;
			shellPath = /bin/sh;
			shellScript = "\"${SRCROOT}/Pods/Target Support Files/Pods-pwButler/Pods-pwButler-resources.sh\"\n";
			showEnvVarsInLog = 0;
		};
/* End PBXShellScriptBuildPhase section */

/* Begin PBXSourcesBuildPhase section */
		1F6C02161F66899C005A6289 /* Sources */ = {
			isa = PBXSourcesBuildPhase;
			buildActionMask = 2147483647;
			files = (
				1F2FF1FF1F6A7A6600170E5E /* TestCase.swift in Sources */,
				1F6C021E1F66899C005A6289 /* AppDelegate.swift in Sources */,
				1F6C023C1F6693F9005A6289 /* ItemDetailController.swift in Sources */,
				1F2FF1F91F6A7A3300170E5E /* FMDBManager.swift in Sources */,
				1F6C023E1F669469005A6289 /* PasswordItemCell.swift in Sources */,
				1F6C02341F668AEE005A6289 /* MainViewController.swift in Sources */,
				1F2FF1F81F6A7A3300170E5E /* Model.swift in Sources */,
				1F2FF1FD1F6A7A5A00170E5E /* Extensions.swift in Sources */,
			);
			runOnlyForDeploymentPostprocessing = 0;
		};
/* End PBXSourcesBuildPhase section */

/* Begin XCBuildConfiguration section */
		1F6C022A1F66899C005A6289 /* Debug */ = {
			isa = XCBuildConfiguration;
			buildSettings = {
				ALWAYS_SEARCH_USER_PATHS = NO;
				CLANG_ANALYZER_NONNULL = YES;
				CLANG_ANALYZER_NUMBER_OBJECT_CONVERSION = YES_AGGRESSIVE;
				CLANG_CXX_LANGUAGE_STANDARD = "gnu++0x";
				CLANG_CXX_LIBRARY = "libc++";
				CLANG_ENABLE_MODULES = YES;
				CLANG_ENABLE_OBJC_ARC = YES;
				CLANG_WARN_BOOL_CONVERSION = YES;
				CLANG_WARN_CONSTANT_CONVERSION = YES;
				CLANG_WARN_DIRECT_OBJC_ISA_USAGE = YES_ERROR;
				CLANG_WARN_DOCUMENTATION_COMMENTS = YES;
				CLANG_WARN_EMPTY_BODY = YES;
				CLANG_WARN_ENUM_CONVERSION = YES;
				CLANG_WARN_INFINITE_RECURSION = YES;
				CLANG_WARN_INT_CONVERSION = YES;
				CLANG_WARN_OBJC_ROOT_CLASS = YES_ERROR;
				CLANG_WARN_SUSPICIOUS_MOVE = YES;
				CLANG_WARN_UNREACHABLE_CODE = YES;
				CLANG_WARN__DUPLICATE_METHOD_MATCH = YES;
				"CODE_SIGN_IDENTITY[sdk=iphoneos*]" = "iPhone Developer";
				COPY_PHASE_STRIP = NO;
				DEBUG_INFORMATION_FORMAT = dwarf;
				ENABLE_STRICT_OBJC_MSGSEND = YES;
				ENABLE_TESTABILITY = YES;
				GCC_C_LANGUAGE_STANDARD = gnu99;
				GCC_DYNAMIC_NO_PIC = NO;
				GCC_NO_COMMON_BLOCKS = YES;
				GCC_OPTIMIZATION_LEVEL = 0;
				GCC_PREPROCESSOR_DEFINITIONS = (
					"DEBUG=1",
					"$(inherited)",
				);
				GCC_WARN_64_TO_32_BIT_CONVERSION = YES;
				GCC_WARN_ABOUT_RETURN_TYPE = YES_ERROR;
				GCC_WARN_UNDECLARED_SELECTOR = YES;
				GCC_WARN_UNINITIALIZED_AUTOS = YES_AGGRESSIVE;
				GCC_WARN_UNUSED_FUNCTION = YES;
				GCC_WARN_UNUSED_VARIABLE = YES;
				IPHONEOS_DEPLOYMENT_TARGET = 10.3;
				MTL_ENABLE_DEBUG_INFO = YES;
				ONLY_ACTIVE_ARCH = YES;
				SDKROOT = iphoneos;
				SWIFT_ACTIVE_COMPILATION_CONDITIONS = DEBUG;
				SWIFT_OPTIMIZATION_LEVEL = "-Onone";
			};
			name = Debug;
		};
		1F6C022B1F66899C005A6289 /* Release */ = {
			isa = XCBuildConfiguration;
			buildSettings = {
				ALWAYS_SEARCH_USER_PATHS = NO;
				CLANG_ANALYZER_NONNULL = YES;
				CLANG_ANALYZER_NUMBER_OBJECT_CONVERSION = YES_AGGRESSIVE;
				CLANG_CXX_LANGUAGE_STANDARD = "gnu++0x";
				CLANG_CXX_LIBRARY = "libc++";
				CLANG_ENABLE_MODULES = YES;
				CLANG_ENABLE_OBJC_ARC = YES;
				CLANG_WARN_BOOL_CONVERSION = YES;
				CLANG_WARN_CONSTANT_CONVERSION = YES;
				CLANG_WARN_DIRECT_OBJC_ISA_USAGE = YES_ERROR;
				CLANG_WARN_DOCUMENTATION_COMMENTS = YES;
				CLANG_WARN_EMPTY_BODY = YES;
				CLANG_WARN_ENUM_CONVERSION = YES;
				CLANG_WARN_INFINITE_RECURSION = YES;
				CLANG_WARN_INT_CONVERSION = YES;
				CLANG_WARN_OBJC_ROOT_CLASS = YES_ERROR;
				CLANG_WARN_SUSPICIOUS_MOVE = YES;
				CLANG_WARN_UNREACHABLE_CODE = YES;
				CLANG_WARN__DUPLICATE_METHOD_MATCH = YES;
				"CODE_SIGN_IDENTITY[sdk=iphoneos*]" = "iPhone Developer";
				COPY_PHASE_STRIP = NO;
				DEBUG_INFORMATION_FORMAT = "dwarf-with-dsym";
				ENABLE_NS_ASSERTIONS = NO;
				ENABLE_STRICT_OBJC_MSGSEND = YES;
				GCC_C_LANGUAGE_STANDARD = gnu99;
				GCC_NO_COMMON_BLOCKS = YES;
				GCC_WARN_64_TO_32_BIT_CONVERSION = YES;
				GCC_WARN_ABOUT_RETURN_TYPE = YES_ERROR;
				GCC_WARN_UNDECLARED_SELECTOR = YES;
				GCC_WARN_UNINITIALIZED_AUTOS = YES_AGGRESSIVE;
				GCC_WARN_UNUSED_FUNCTION = YES;
				GCC_WARN_UNUSED_VARIABLE = YES;
				IPHONEOS_DEPLOYMENT_TARGET = 10.3;
				MTL_ENABLE_DEBUG_INFO = NO;
				SDKROOT = iphoneos;
				SWIFT_OPTIMIZATION_LEVEL = "-Owholemodule";
				VALIDATE_PRODUCT = YES;
			};
			name = Release;
		};
		1F6C022D1F66899C005A6289 /* Debug */ = {
			isa = XCBuildConfiguration;
			baseConfigurationReference = E20E2409DB5E506726996BFC /* Pods-pwButler.debug.xcconfig */;
			buildSettings = {
				ASSETCATALOG_COMPILER_APPICON_NAME = AppIcon;
				"CODE_SIGN_IDENTITY[sdk=iphoneos*]" = "iPhone Developer";
				DEVELOPMENT_TEAM = EL3Y3L9UAR;
				INFOPLIST_FILE = pwButler/Supporting/Info.plist;
				LD_RUNPATH_SEARCH_PATHS = "$(inherited) @executable_path/Frameworks";
				PRODUCT_BUNDLE_IDENTIFIER = "White-s-House.pwButler";
				PRODUCT_NAME = "$(TARGET_NAME)";
				PROVISIONING_PROFILE_SPECIFIER = "";
				SWIFT_VERSION = 3.0;
			};
			name = Debug;
		};
		1F6C022E1F66899C005A6289 /* Release */ = {
			isa = XCBuildConfiguration;
			baseConfigurationReference = 68CC51A37AFD0D58AE4B0C39 /* Pods-pwButler.release.xcconfig */;
			buildSettings = {
				ASSETCATALOG_COMPILER_APPICON_NAME = AppIcon;
				"CODE_SIGN_IDENTITY[sdk=iphoneos*]" = "iPhone Developer";
				DEVELOPMENT_TEAM = EL3Y3L9UAR;
				INFOPLIST_FILE = pwButler/Supporting/Info.plist;
				LD_RUNPATH_SEARCH_PATHS = "$(inherited) @executable_path/Frameworks";
				PRODUCT_BUNDLE_IDENTIFIER = "White-s-House.pwButler";
				PRODUCT_NAME = "$(TARGET_NAME)";
				PROVISIONING_PROFILE_SPECIFIER = "";
				SWIFT_VERSION = 3.0;
			};
			name = Release;
		};
/* End XCBuildConfiguration section */

/* Begin XCConfigurationList section */
		1F6C02151F66899C005A6289 /* Build configuration list for PBXProject "pwButler" */ = {
			isa = XCConfigurationList;
			buildConfigurations = (
				1F6C022A1F66899C005A6289 /* Debug */,
				1F6C022B1F66899C005A6289 /* Release */,
			);
			defaultConfigurationIsVisible = 0;
			defaultConfigurationName = Release;
		};
		1F6C022C1F66899C005A6289 /* Build configuration list for PBXNativeTarget "pwButler" */ = {
			isa = XCConfigurationList;
			buildConfigurations = (
				1F6C022D1F66899C005A6289 /* Debug */,
				1F6C022E1F66899C005A6289 /* Release */,
			);
			defaultConfigurationIsVisible = 0;
			defaultConfigurationName = Release;
		};
/* End XCConfigurationList section */
	};
	rootObject = 1F6C02121F66899C005A6289 /* Project object */;
}
